
Microsoft Visual Studio Solution File, Format Version 12.00
# Visual Studio Version 16
VisualStudioVersion = 16.0.30413.136
MinimumVisualStudioVersion = 10.0.40219.1
Project("{9A19103F-16F7-4668-BE54-9A1E7A4F7556}") = "Sunridge", "Sunridge\Sunridge.csproj", "{FC26A91E-A9D7-440E-8831-7C6CB06D9EBF}"
EndProject
Project("{9A19103F-16F7-4668-BE54-9A1E7A4F7556}") = "Sunridge.DataAccess", "Sunridge.DataAccess\Sunridge.DataAccess.csproj", "{1CCAE999-AA9E-443B-B115-0E611E8C7D3B}"
EndProject
Project("{9A19103F-16F7-4668-BE54-9A1E7A4F7556}") = "Sunridge.Models", "Sunridge.Models\Sunridge.Models.csproj", "{A68C112E-812B-466A-A197-2ED77B648570}"
EndProject
Project("{9A19103F-16F7-4668-BE54-9A1E7A4F7556}") = "Sunridge.Utility", "Sunridge.Utility\Sunridge.Utility.csproj", "{34864FC8-EE06-4481-BF76-24D74CDC881F}"
EndProject
Global
	GlobalSection(SolutionConfigurationPlatforms) = preSolution
		Debug|Any CPU = Debug|Any CPU
		Release|Any CPU = Release|Any CPU
	EndGlobalSection
	GlobalSection(ProjectConfigurationPlatforms) = postSolution
		{FC26A91E-A9D7-440E-8831-7C6CB06D9EBF}.Debug|Any CPU.ActiveCfg = Debug|Any CPU
		{FC26A91E-A9D7-440E-8831-7C6CB06D9EBF}.Debug|Any CPU.Build.0 = Debug|Any CPU
		{FC26A91E-A9D7-440E-8831-7C6CB06D9EBF}.Release|Any CPU.ActiveCfg = Release|Any CPU
		{FC26A91E-A9D7-440E-8831-7C6CB06D9EBF}.Release|Any CPU.Build.0 = Release|Any CPU
		{1CCAE999-AA9E-443B-B115-0E611E8C7D3B}.Debug|Any CPU.ActiveCfg = Debug|Any CPU
		{1CCAE999-AA9E-443B-B115-0E611E8C7D3B}.Debug|Any CPU.Build.0 = Debug|Any CPU
		{1CCAE999-AA9E-443B-B115-0E611E8C7D3B}.Release|Any CPU.ActiveCfg = Release|Any CPU
		{1CCAE999-AA9E-443B-B115-0E611E8C7D3B}.Release|Any CPU.Build.0 = Release|Any CPU
		{A68C112E-812B-466A-A197-2ED77B648570}.Debug|Any CPU.ActiveCfg = Debug|Any CPU
		{A68C112E-812B-466A-A197-2ED77B648570}.Debug|Any CPU.Build.0 = Debug|Any CPU
		{A68C112E-812B-466A-A197-2ED77B648570}.Release|Any CPU.ActiveCfg = Release|Any CPU
		{A68C112E-812B-466A-A197-2ED77B648570}.Release|Any CPU.Build.0 = Release|Any CPU
		{34864FC8-EE06-4481-BF76-24D74CDC881F}.Debug|Any CPU.ActiveCfg = Debug|Any CPU
		{34864FC8-EE06-4481-BF76-24D74CDC881F}.Debug|Any CPU.Build.0 = Debug|Any CPU
		{34864FC8-EE06-4481-BF76-24D74CDC881F}.Release|Any CPU.ActiveCfg = Release|Any CPU
		{34864FC8-EE06-4481-BF76-24D74CDC881F}.Release|Any CPU.Build.0 = Release|Any CPU
	EndGlobalSection
	GlobalSection(SolutionProperties) = preSolution
		HideSolutionNode = FALSE
	EndGlobalSection
	GlobalSection(ExtensibilityGlobals) = postSolution
		SolutionGuid = {C333D8A0-40E7-4A8A-B797-DC1C1B5B554D}
	EndGlobalSection
EndGlobal
